
Microsoft Visual Studio Solution File, Format Version 12.00
# Visual Studio Version 17
VisualStudioVersion = 17.10.35122.118
MinimumVisualStudioVersion = 10.0.40219.1
Project("{FAE04EC0-301F-11D3-BF4B-00C04F79EFBC}") = "BTL_Movie", "BTL_Movie.csproj", "{8E5CA121-7306-4515-93FA-4403F194E76D}"
EndProject
Global
	GlobalSection(SolutionConfigurationPlatforms) = preSolution
		Debug|Any CPU = Debug|Any CPU
		Release|Any CPU = Release|Any CPU
	EndGlobalSection
	GlobalSection(ProjectConfigurationPlatforms) = postSolution
		{8E5CA121-7306-4515-93FA-4403F194E76D}.Debug|Any CPU.ActiveCfg = Debug|Any CPU
		{8E5CA121-7306-4515-93FA-4403F194E76D}.Debug|Any CPU.Build.0 = Debug|Any CPU
		{8E5CA121-7306-4515-93FA-4403F194E76D}.Release|Any CPU.ActiveCfg = Release|Any CPU
		{8E5CA121-7306-4515-93FA-4403F194E76D}.Release|Any CPU.Build.0 = Release|Any CPU
	EndGlobalSection
	GlobalSection(SolutionProperties) = preSolution
		HideSolutionNode = FALSE
	EndGlobalSection
	GlobalSection(ExtensibilityGlobals) = postSolution
		SolutionGuid = {C3878D4A-2AB2-4AF5-BD60-9D3F067C914D}
	EndGlobalSection
EndGlobal
